
Microsoft Visual Studio Solution File, Format Version 12.00
# Visual Studio 15
VisualStudioVersion = 15.0.27703.2026
MinimumVisualStudioVersion = 10.0.40219.1
Project("{FAE04EC0-301F-11D3-BF4B-00C04F79EFBC}") = "FirstRealize.App.WebAccelerator", "FirstRealize.App.WebAccelerator\FirstRealize.App.WebAccelerator.csproj", "{ADFC9A49-3D03-4904-8BCC-40C692B0BD1D}"
EndProject
Global
	GlobalSection(SolutionConfigurationPlatforms) = preSolution
		Debug|Any CPU = Debug|Any CPU
		Release|Any CPU = Release|Any CPU
	EndGlobalSection
	GlobalSection(ProjectConfigurationPlatforms) = postSolution
		{ADFC9A49-3D03-4904-8BCC-40C692B0BD1D}.Debug|Any CPU.ActiveCfg = Debug|Any CPU
		{ADFC9A49-3D03-4904-8BCC-40C692B0BD1D}.Debug|Any CPU.Build.0 = Debug|Any CPU
		{ADFC9A49-3D03-4904-8BCC-40C692B0BD1D}.Release|Any CPU.ActiveCfg = Release|Any CPU
		{ADFC9A49-3D03-4904-8BCC-40C692B0BD1D}.Release|Any CPU.Build.0 = Release|Any CPU
	EndGlobalSection
	GlobalSection(SolutionProperties) = preSolution
		HideSolutionNode = FALSE
	EndGlobalSection
	GlobalSection(ExtensibilityGlobals) = postSolution
		SolutionGuid = {0D013340-ACE4-47D0-8E03-526A2E546E2A}
	EndGlobalSection
EndGlobal
